<?xml version="1.0" encoding="utf-8"?>
<Project ToolsVersion="4.0" xmlns="http://schemas.microsoft.com/developer/msbuild/2003">
  <ItemGroup>
    <ClCompile Include="Block.cpp" />
    <ClCompile Include="BlockManager.cpp" />
    <ClCompile Include="GButton.cpp" />
    <ClCompile Include="GImage.cpp" />
    <ClCompile Include="GRenderer.cpp" />
    <ClCompile Include="GState.cpp" />
    <ClCompile Include="GStateManager.cpp" />
    <ClCompile Include="GWindow.cpp" />
    <ClCompile Include="LogoState.cpp" />
    <ClCompile Include="mainProc.cpp" />
    <ClCompile Include="StageState.cpp" />
  </ItemGroup>
  <ItemGroup>
    <ClInclude Include="Block.h" />
    <ClInclude Include="BlockManager.h" />
    <ClInclude Include="GButton.h" />
    <ClInclude Include="GImage.h" />
    <ClInclude Include="GRenderer.h" />
    <ClInclude Include="GState.h" />
    <ClInclude Include="GStateManager.h" />
    <ClInclude Include="GWindow.h" />
    <ClInclude Include="LogoState.h" />
    <ClInclude Include="mainProc.h" />
    <ClInclude Include="StageState.h" />
  </ItemGroup>
  <ItemGroup>
    <Image Include="LogoButton1.bmp" />
    <Image Include="LogoButton2.bmp" />
    <Image Include="LogoButton3.bmp" />
    <Image Include="LogoState.bmp" />
    <Image Include="LogoState.png" />
  </ItemGroup>
</Project>