<?xml version="1.0" encoding="utf-8"?>
<Project ToolsVersion="4.0" xmlns="http://schemas.microsoft.com/developer/msbuild/2003">
  <ItemGroup>
    <ClCompile Include="Block.cpp" />
    <ClCompile Include="BlockManager.cpp" />
    <ClCompile Include="GButton.cpp" />
    <ClCompile Include="mainProc.cpp" />
    <ClCompile Include="GImage.cpp">
      <Filter>프레임워크\소스</Filter>
    </ClCompile>
    <ClCompile Include="GRenderer.cpp">
      <Filter>프레임워크\소스</Filter>
    </ClCompile>
    <ClCompile Include="GState.cpp">
      <Filter>프레임워크\소스</Filter>
    </ClCompile>
    <ClCompile Include="GStateManager.cpp">
      <Filter>프레임워크\소스</Filter>
    </ClCompile>
    <ClCompile Include="GWindow.cpp">
      <Filter>프레임워크\소스</Filter>
    </ClCompile>
    <ClCompile Include="GenreSelect.cpp">
      <Filter>State\소스</Filter>
    </ClCompile>
    <ClCompile Include="LogoState.cpp">
      <Filter>State\소스</Filter>
    </ClCompile>
    <ClCompile Include="StageState.cpp">
      <Filter>State\소스</Filter>
    </ClCompile>
    <ClCompile Include="ProblemState.cpp">
      <Filter>State\소스</Filter>
    </ClCompile>
    <ClCompile Include="Player.cpp">
      <Filter>시뮬레이션\액션</Filter>
    </ClCompile>
    <ClCompile Include="backGround.cpp">
      <Filter>시뮬레이션\액션</Filter>
    </ClCompile>
    <ClCompile Include="SimulationState.cpp">
      <Filter>State\소스</Filter>
    </ClCompile>
    <ClCompile Include="GFont.cpp">
      <Filter>프레임워크\소스</Filter>
    </ClCompile>
    <ClCompile Include="Flag.cpp">
      <Filter>시뮬레이션\액션</Filter>
    </ClCompile>
    <ClCompile Include="subFlag.cpp">
      <Filter>시뮬레이션\액션</Filter>
    </ClCompile>
    <ClCompile Include="BulletPlayer.cpp">
      <Filter>시뮬레이션\탄막\소스</Filter>
    </ClCompile>
  </ItemGroup>
  <ItemGroup>
    <ClInclude Include="Block.h" />
    <ClInclude Include="BlockManager.h" />
    <ClInclude Include="GButton.h" />
    <ClInclude Include="mainProc.h" />
    <ClInclude Include="GImage.h">
      <Filter>프레임워크\헤더</Filter>
    </ClInclude>
    <ClInclude Include="GRenderer.h">
      <Filter>프레임워크\헤더</Filter>
    </ClInclude>
    <ClInclude Include="GState.h">
      <Filter>프레임워크\헤더</Filter>
    </ClInclude>
    <ClInclude Include="GStateManager.h">
      <Filter>프레임워크\헤더</Filter>
    </ClInclude>
    <ClInclude Include="GWindow.h">
      <Filter>프레임워크\헤더</Filter>
    </ClInclude>
    <ClInclude Include="GenreSelect.h">
      <Filter>State\헤더</Filter>
    </ClInclude>
    <ClInclude Include="LogoState.h">
      <Filter>State\헤더</Filter>
    </ClInclude>
    <ClInclude Include="StageState.h">
      <Filter>State\헤더</Filter>
    </ClInclude>
    <ClInclude Include="ProblemState.h">
      <Filter>State\헤더</Filter>
    </ClInclude>
    <ClInclude Include="Player.h">
      <Filter>시뮬레이션\액션</Filter>
    </ClInclude>
    <ClInclude Include="backGround.h">
      <Filter>시뮬레이션\액션</Filter>
    </ClInclude>
    <ClInclude Include="SimulationState.h">
      <Filter>State\헤더</Filter>
    </ClInclude>
    <ClInclude Include="GFont.h">
      <Filter>프레임워크\헤더</Filter>
    </ClInclude>
    <ClInclude Include="Flag.h">
      <Filter>시뮬레이션\액션</Filter>
    </ClInclude>
    <ClInclude Include="subFlag.h">
      <Filter>시뮬레이션\액션</Filter>
    </ClInclude>
    <ClInclude Include="BulletPlayer.h">
      <Filter>시뮬레이션\탄막\헤더</Filter>
    </ClInclude>
  </ItemGroup>
  <ItemGroup>
    <Filter Include="프레임워크">
      <UniqueIdentifier>{d25734d3-f696-4033-a51b-d3429aaa3923}</UniqueIdentifier>
    </Filter>
    <Filter Include="프레임워크\소스">
      <UniqueIdentifier>{2648494e-3ea6-40cb-96cf-e0695fbd62ba}</UniqueIdentifier>
    </Filter>
    <Filter Include="프레임워크\헤더">
      <UniqueIdentifier>{1c598b2d-f00f-4c17-a4b7-93b484de8023}</UniqueIdentifier>
    </Filter>
    <Filter Include="State">
      <UniqueIdentifier>{3f29543b-7530-4dcc-8b1e-abbd9afef5c6}</UniqueIdentifier>
    </Filter>
    <Filter Include="State\소스">
      <UniqueIdentifier>{53299385-fb3d-4ce2-9fe4-719b6cf7792f}</UniqueIdentifier>
    </Filter>
    <Filter Include="State\헤더">
      <UniqueIdentifier>{e20b4cfb-bbe1-466d-b58f-454d23ab9b70}</UniqueIdentifier>
    </Filter>
    <Filter Include="Resource">
      <UniqueIdentifier>{9d8544d0-fce4-41db-869b-e75a906bb854}</UniqueIdentifier>
    </Filter>
    <Filter Include="시뮬레이션">
      <UniqueIdentifier>{fc5df2ba-6ec4-4233-a194-8c1ff3c0987f}</UniqueIdentifier>
    </Filter>
    <Filter Include="시뮬레이션\탄막">
      <UniqueIdentifier>{b80aa35d-8c39-4e1c-b6d7-b86589b21292}</UniqueIdentifier>
    </Filter>
    <Filter Include="시뮬레이션\액션">
      <UniqueIdentifier>{16a4a03b-db11-4055-b76a-ad5c25726db6}</UniqueIdentifier>
    </Filter>
    <Filter Include="시뮬레이션\탄막\소스">
      <UniqueIdentifier>{d81d0d97-f26d-40e5-9671-eb5b91258927}</UniqueIdentifier>
    </Filter>
    <Filter Include="시뮬레이션\탄막\헤더">
      <UniqueIdentifier>{33fbd550-9a27-4934-95d0-631b50b610e6}</UniqueIdentifier>
    </Filter>
  </ItemGroup>
</Project>